#MicroXplorer Configuration settings - do not modify
ADC1.CommonPathInternal=null|null|null|null
ADC1.IPParameters=master,NbrOfConversion,Resolution,CommonPathInternal
ADC1.NbrOfConversion=1
ADC1.Resolution=ADC_RESOLUTION_14B
ADC1.master=1
CAD.formats=
CAD.pinconfig=
CAD.provider=
CORTEX_M33_NS.AllocateAttribute-Cortex_Memory_Protection_Unit_Region0_Settings=MPU_R_ALLOCATE
CORTEX_M33_NS.AttributesIndex-Cortex_Memory_Protection_Unit_Region1_Settings=MPU_ATTRIBUTES_NUMBER1
CORTEX_M33_NS.BaseAddress-Cortex_Memory_Protection_Unit_Region0_Settings=0x08000000
CORTEX_M33_NS.Enable-Cortex_Memory_Protection_Unit_Region0_Settings=MPU_REGION_ENABLE
CORTEX_M33_NS.IPParameters=Enable-Cortex_Memory_Protection_Unit_Region0_Settings,BaseAddress-Cortex_Memory_Protection_Unit_Region0_Settings,LimitAddress-Cortex_Memory_Protection_Unit_Region0_Settings,AllocateAttribute-Cortex_Memory_Protection_Unit_Region0_Settings,Number-Cortex_Memory_Protection_Unit_Region1_Settings,AttributesIndex-Cortex_Memory_Protection_Unit_Region1_Settings
CORTEX_M33_NS.LimitAddress-Cortex_Memory_Protection_Unit_Region0_Settings=0x081FFFFF
CORTEX_M33_NS.Number-Cortex_Memory_Protection_Unit_Region1_Settings=MPU_REGION_NUMBER1
CORTEX_M33_NS.userName=CORTEX_M33
FLASH.B1_endPage=127
FLASH.B2_Bank=FLASH_BANK_2
FLASH.B2_endPage=127
FLASH.IPParameters=B1_endPage,B2_endPage,B2_Bank,OB_NSBOOTADD0_Address,OB_Boot_Configuration_active_NS0
FLASH.OB_Boot_Configuration_active_NS0=true
FLASH.OB_NSBOOTADD0_Address=0x08000000
File.Version=6
GPIO.groupedBy=Group By Peripherals
GTZC.IPParameters=MPCBB1_SecConfig_array,MPCBB2_SecConfig_array,MPCBB3_SecConfig_array,MPCBB4_SecConfig_array,MPCBB4_PrivConfig_array,MPCBB1_PrivConfig_array,MPCBB2_PrivConfig_array,MPCBB3_PrivConfig_array
GTZC.MPCBB1_PrivConfig_array=00000000\:00000000\:00000000\:00000000\:00000000\:00000000\:00000000\:00000000\:00000000\:00000000\:00000000\:00000000
GTZC.MPCBB1_SecConfig_array=00000000\:00000000\:00000000\:00000000\:00000000\:00000000\:00000000\:00000000\:00000000\:00000000\:00000000\:00000000
GTZC.MPCBB2_PrivConfig_array=00000000\:00000000\:00000000\:00000000
GTZC.MPCBB2_SecConfig_array=00000000\:00000000\:00000000\:00000000
GTZC.MPCBB3_PrivConfig_array=00000000\:00000000\:00000000\:00000000\:00000000\:00000000\:00000000\:00000000\:00000000\:00000000\:00000000\:00000000\:00000000\:00000000\:00000000\:00000000\:00000000\:00000000\:00000000\:00000000\:00000000\:00000000\:00000000\:00000000\:00000000\:00000000\:00000000\:00000000\:00000000\:00000000\:00000000\:00000000
GTZC.MPCBB3_SecConfig_array=00000000\:00000000\:00000000\:00000000\:00000000\:00000000\:00000000\:00000000\:00000000\:00000000\:00000000\:00000000\:00000000\:00000000\:00000000\:00000000\:00000000\:00000000\:00000000\:00000000\:00000000\:00000000\:00000000\:00000000\:00000000\:00000000\:00000000\:00000000\:00000000\:00000000\:00000000\:00000000
GTZC.MPCBB4_PrivConfig_array=00000000
GTZC.MPCBB4_SecConfig_array=00000000
I2C1.I2C_Speed_Mode=I2C_Fast
I2C1.IPParameters=Timing,I2C_Speed_Mode
I2C1.Timing=0x00F07BFF
KeepUserPlacement=false
MMTAppReg1.MEMORYMAP.AP=RW_all
MMTAppReg1.MEMORYMAP.AppRegionName=RAM
MMTAppReg1.MEMORYMAP.ContextName=CortexM33
MMTAppReg1.MEMORYMAP.CoreName=ARM Cortex-M33
MMTAppReg1.MEMORYMAP.DefaultDataRegion=true
MMTAppReg1.MEMORYMAP.IPParameters=StartAddress,Size,CoreName,DefaultDataRegion,ContextName,Name,AP
MMTAppReg1.MEMORYMAP.Name=RAM
MMTAppReg1.MEMORYMAP.Size=786432
MMTAppReg1.MEMORYMAP.StartAddress=0x20000000
MMTAppReg2.MEMORYMAP.AppRegionName=RAM Reserved Alias Region
MMTAppReg2.MEMORYMAP.CoreName=ARM Cortex-M33
MMTAppReg2.MEMORYMAP.DefaultDataRegion=false
MMTAppReg2.MEMORYMAP.IPParameters=StartAddress,Size,CoreName,DefaultDataRegion,ReservedRegion,Name
MMTAppReg2.MEMORYMAP.Name=RAM Reserved Alias Region
MMTAppReg2.MEMORYMAP.ReservedRegion=true
MMTAppReg2.MEMORYMAP.Size=786432
MMTAppReg2.MEMORYMAP.StartAddress=0x0A000000
MMTAppReg3.MEMORYMAP.AP=RW_all
MMTAppReg3.MEMORYMAP.AppRegionName=FLASH
MMTAppReg3.MEMORYMAP.Cacheability=WTRA
MMTAppReg3.MEMORYMAP.ContextName=CortexM33
MMTAppReg3.MEMORYMAP.CoreName=ARM Cortex-M33
MMTAppReg3.MEMORYMAP.DefaultCodeRegion=true
MMTAppReg3.MEMORYMAP.DefaultDataRegion=false
MMTAppReg3.MEMORYMAP.IPParameters=StartAddress,Size,CoreName,DefaultDataRegion,MemType,ContextName,Name,AP,Cacheability,DefaultCodeRegion,ISRRegion
MMTAppReg3.MEMORYMAP.ISRRegion=true
MMTAppReg3.MEMORYMAP.MemType=ROM
MMTAppReg3.MEMORYMAP.Name=FLASH
MMTAppReg3.MEMORYMAP.Size=1040384
MMTAppReg3.MEMORYMAP.StartAddress=0x08000000
MMTAppRegionsCount=3
MMTConfigApplied=true
MMTProjectManagerApplied=true
Mcu.CPN=STM32U575ZIT6Q
Mcu.ContextProject=TrustZoneDisabled
Mcu.Family=STM32U5
Mcu.IP0=ADC1
Mcu.IP1=CORTEX_M33_NS
Mcu.IP10=NVIC
Mcu.IP11=PWR
Mcu.IP12=RCC
Mcu.IP13=SPI1
Mcu.IP14=SYS
Mcu.IP15=TIM1
Mcu.IP16=TIM2
Mcu.IP17=TIM5
Mcu.IP18=USART1
Mcu.IP19=USB_OTG_FS
Mcu.IP2=CRC
Mcu.IP3=FLASH
Mcu.IP4=GTZC
Mcu.IP5=I2C1
Mcu.IP6=ICACHE
Mcu.IP7=LPBAM
Mcu.IP8=LPBAMQUEUE
Mcu.IP9=MEMORYMAP
Mcu.IPNb=20
Mcu.Name=STM32U575ZITxQ
Mcu.Package=LQFP144
Mcu.Pin0=PC13
Mcu.Pin1=PC14-OSC32_IN (PC14)
Mcu.Pin10=PF14
Mcu.Pin11=PE13
Mcu.Pin12=PB14
Mcu.Pin13=PB15
Mcu.Pin14=PD8
Mcu.Pin15=PD9
Mcu.Pin16=PG2
Mcu.Pin17=PC7
Mcu.Pin18=PA8
Mcu.Pin19=PA9
Mcu.Pin2=PC15-OSC32_OUT (PC15)
Mcu.Pin20=PA10
Mcu.Pin21=PA11
Mcu.Pin22=PA12
Mcu.Pin23=PA13 (JTMS/SWDIO)
Mcu.Pin24=PA14 (JTCK/SWCLK)
Mcu.Pin25=PA15 (JTDI)
Mcu.Pin26=PB5
Mcu.Pin27=PB7
Mcu.Pin28=PB8
Mcu.Pin29=PB9
Mcu.Pin3=PC2
Mcu.Pin30=VP_CRC_VS_CRC
Mcu.Pin31=VP_FLASH_SIG_Activate_FlashIP
Mcu.Pin32=VP_GTZC_VS_GTZC_Enable
Mcu.Pin33=VP_ICACHE_VS_ICACHE
Mcu.Pin34=VP_LPBAMQUEUE_VS_QUEUE
Mcu.Pin35=VP_PWR_VS_DBSignals
Mcu.Pin36=VP_PWR_VS_SECSignals
Mcu.Pin37=VP_PWR_VS_LPOM
Mcu.Pin38=VP_PWR_Vdda
Mcu.Pin39=VP_SYS_VS_Systick
Mcu.Pin4=PA0
Mcu.Pin40=VP_TIM1_VS_no_output1
Mcu.Pin41=VP_TIM1_VS_no_output2
Mcu.Pin42=VP_TIM1_VS_no_output3
Mcu.Pin43=VP_TIM1_VS_no_output4
Mcu.Pin44=VP_TIM2_VS_ClockSourceINT
Mcu.Pin45=VP_TIM5_VS_ClockSourceINT
Mcu.Pin46=VP_LPBAM_VS_SIG1
Mcu.Pin47=VP_LPBAM_VS_SIG4
Mcu.Pin48=VP_MEMORYMAP_VS_MEMORYMAP
Mcu.Pin49=VP_STMicroelectronics.X-CUBE-MEMS1_VS_BoardOoExtensionJjIKS4A1_1.0.0_10.0.0
Mcu.Pin5=PA2
Mcu.Pin50=VP_STMicroelectronics.X-CUBE-MEMS1_VS_SensorsJjSTM32IiMotionIDIiLibrary_2.4.1_10.0.0
Mcu.Pin51=VP_STMicroelectronics.X-CUBE-MEMS1_VS_SensorsJjSTM32IiMotionFXIiLibrary_2.8.0_10.0.0
Mcu.Pin52=VP_STMicroelectronics.X-CUBE-MEMS1_VS_SensorsJjSTM32IiMotionCPIiLibrary_2.2.1_10.0.0
Mcu.Pin53=VP_STMicroelectronics.X-CUBE-MEMS1_VS_SensorsJjSTM32IiMotionGRIiLibrary_2.2.1_10.0.0
Mcu.Pin54=VP_STMicroelectronics.X-CUBE-MEMS1_VS_SensorsJjSTM32IiMotionARIiLibrary_3.2.1_10.0.0
Mcu.Pin55=VP_STMicroelectronics.X-CUBE-MEMS1_VS_SensorsJjSTM32IiMotionPMIiLibrary_2.4.1_10.0.0
Mcu.Pin56=VP_STMicroelectronics.X-CUBE-BLE2_VS_WirelessJjBlueNRGAa2_3.3.0
Mcu.Pin57=VP_STMicroelectronics.FP-SNS-MOTENV1_VS_DeviceJjMOTENV1IiApplications_5.0.0_5.0.0
Mcu.Pin58=VP_STMicroelectronics.X-CUBE-BLEMGR_VS_BluetoothJjBLEOoCore_3.0.0_3.0.0
Mcu.Pin59=VP_STMicroelectronics.X-CUBE-BLEMGR_VS_BLEIiManagerJjSTM32IiBLEIiManager_1.9.0_3.0.0
Mcu.Pin6=PA3
Mcu.Pin60=VP_STMicroelectronics.X-CUBE-BLEMGR_VS_BLEIiFeaturesJjSTM32IiBLEIiManager_1.9.1_3.0.0
Mcu.Pin61=VP_STMicroelectronics.X-CUBE-BLEMGR_VS_DataOoExchangeJjparson_1.5.2_3.0.0
Mcu.Pin7=PA6
Mcu.Pin8=PA7
Mcu.Pin9=PF13
Mcu.PinsNb=62
Mcu.ThirdParty0=STMicroelectronics.FP-SNS-MOTENV1.5.0.0
Mcu.ThirdParty1=STMicroelectronics.X-CUBE-BLE2.3.3.0
Mcu.ThirdParty2=STMicroelectronics.X-CUBE-BLEMGR.3.0.0
Mcu.ThirdParty3=STMicroelectronics.X-CUBE-MEMS1.10.0.0
Mcu.ThirdPartyNb=4
Mcu.UserConstants=
Mcu.UserName=STM32U575ZITxQ
MxCube.Version=6.10.0
MxDb.Version=DB.6.0.100
NVIC.BusFault_IRQn=true\:0\:0\:false\:false\:true\:false\:false\:false
NVIC.DebugMonitor_IRQn=true\:0\:0\:false\:false\:true\:false\:false\:false
NVIC.EXTI13_IRQn=true\:0\:0\:false\:false\:true\:true\:true\:true
NVIC.EXTI14_IRQn=true\:0\:0\:false\:false\:true\:true\:true\:true
NVIC.EXTI3_IRQn=true\:0\:0\:false\:false\:true\:true\:true\:true
NVIC.ForceEnableDMAVector=true
NVIC.HardFault_IRQn=true\:0\:0\:false\:false\:true\:false\:false\:false
NVIC.MemoryManagement_IRQn=true\:0\:0\:false\:false\:true\:false\:false\:false
NVIC.NonMaskableInt_IRQn=true\:0\:0\:false\:false\:true\:false\:false\:false
NVIC.OTG_FS_IRQn=true\:0\:0\:false\:false\:true\:true\:true\:true
NVIC.PendSV_IRQn=true\:0\:0\:false\:false\:true\:false\:false\:false
NVIC.PriorityGroup=NVIC_PRIORITYGROUP_3
NVIC.SVCall_IRQn=true\:0\:0\:false\:false\:true\:false\:false\:false
NVIC.SysTick_IRQn=true\:0\:0\:false\:false\:true\:false\:true\:false
NVIC.TIM1_CC_IRQn=true\:0\:0\:false\:false\:true\:true\:true\:true
NVIC.TIM2_IRQn=true\:0\:0\:false\:false\:true\:true\:true\:true
NVIC.TIM5_IRQn=true\:0\:0\:false\:false\:true\:true\:true\:true
NVIC.UsageFault_IRQn=true\:0\:0\:false\:false\:true\:false\:false\:false
PA0.Locked=true
PA0.Signal=GPXTI0
PA10.GPIOParameters=GPIO_Speed,GPIO_PuPd,GPIO_Label
PA10.GPIO_Label=USART1_RX
PA10.GPIO_PuPd=GPIO_PULLDOWN
PA10.GPIO_Speed=GPIO_SPEED_FREQ_VERY_HIGH
PA10.Locked=true
PA10.Mode=Asynchronous
PA10.Signal=USART1_RX
PA11.GPIOParameters=GPIO_Speed,GPIO_Label
PA11.GPIO_Label=USB_OTG_FS_DM
PA11.GPIO_Speed=GPIO_SPEED_FREQ_VERY_HIGH
PA11.Locked=true
PA11.Mode=Device_Only
PA11.Signal=USB_OTG_FS_DM
PA12.GPIOParameters=GPIO_Speed,GPIO_Label
PA12.GPIO_Label=USB_OTG_FS_DP
PA12.GPIO_Speed=GPIO_SPEED_FREQ_VERY_HIGH
PA12.Locked=true
PA12.Mode=Device_Only
PA12.Signal=USB_OTG_FS_DP
PA13\ (JTMS/SWDIO).Locked=true
PA13\ (JTMS/SWDIO).Signal=DEBUG_JTMS-SWDIO
PA14\ (JTCK/SWCLK).Locked=true
PA14\ (JTCK/SWCLK).Signal=DEBUG_JTCK-SWCLK
PA15\ (JTDI).GPIOParameters=GPIO_Label
PA15\ (JTDI).GPIO_Label=UCPD1_CC1
PA15\ (JTDI).Locked=true
PA15\ (JTDI).Signal=UCPD1_CC1
PA2.GPIOParameters=GPIO_Label
PA2.GPIO_Label=SPI1_CS
PA2.Locked=true
PA2.Signal=GPIO_Output
PA3.Locked=true
PA3.Signal=GPXTI3
PA6.Mode=Full_Duplex_Master
PA6.Signal=SPI1_MISO
PA7.Mode=Full_Duplex_Master
PA7.Signal=SPI1_MOSI
PA8.GPIOParameters=GPIO_Label
PA8.GPIO_Label=PSI1_RST
PA8.Locked=true
PA8.Signal=GPIO_Output
PA9.Mode=Asynchronous
PA9.Signal=USART1_TX
PB14.GPIOParameters=GPIO_Label
PB14.GPIO_Label=UCPD_FLT
PB14.Locked=true
PB14.Signal=GPIO_Input
PB15.GPIOParameters=GPIO_Label
PB15.GPIO_Label=UCPD1_CC2
PB15.Locked=true
PB15.Signal=UCPD1_CC2
PB5.GPIOParameters=GPIO_Label
PB5.GPIO_Label=UCPD_DBn
PB5.Locked=true
PB5.Signal=GPIO_Output
PB7.GPIOParameters=GPIO_Speed,GPIO_PuPd,GPIO_Label,GPIO_ModeDefaultOutputPP
PB7.GPIO_Label=LED_BLUE
PB7.GPIO_ModeDefaultOutputPP=GPIO_MODE_OUTPUT_PP
PB7.GPIO_PuPd=GPIO_PULLUP
PB7.GPIO_Speed=GPIO_SPEED_FREQ_HIGH
PB7.Locked=true
PB7.Signal=GPIO_Output
PB8.Locked=true
PB8.Mode=I2C
PB8.Signal=I2C1_SCL
PB9.Locked=true
PB9.Mode=I2C
PB9.Signal=I2C1_SDA
PC13.GPIOParameters=GPIO_Label,GPIO_ModeDefaultEXTI
PC13.GPIO_Label=USER_BUTTON
PC13.GPIO_ModeDefaultEXTI=GPIO_MODE_IT_FALLING
PC13.Locked=true
PC13.Signal=GPXTI13
PC14-OSC32_IN\ (PC14).Locked=true
PC14-OSC32_IN\ (PC14).Mode=LSE-External-Oscillator
PC14-OSC32_IN\ (PC14).Signal=RCC_OSC32_IN
PC15-OSC32_OUT\ (PC15).Locked=true
PC15-OSC32_OUT\ (PC15).Mode=LSE-External-Oscillator
PC15-OSC32_OUT\ (PC15).Signal=RCC_OSC32_OUT
PC2.GPIOParameters=GPIO_Label
PC2.GPIO_Label=VBUS_SENSE
PC2.Locked=true
PC2.Mode=IN3-Single-Ended
PC2.Signal=ADC1_IN3
PC7.GPIOParameters=GPIO_Speed,GPIO_PuPd,GPIO_Label
PC7.GPIO_Label=LED_GREEN
PC7.GPIO_PuPd=GPIO_PULLUP
PC7.GPIO_Speed=GPIO_SPEED_FREQ_HIGH
PC7.Locked=true
PC7.Signal=GPIO_Output
PD8.Locked=true
PD8.Signal=USART3_TX
PD9.Locked=true
PD9.Signal=USART3_RX
PE13.Locked=true
PE13.Mode=Full_Duplex_Master
PE13.Signal=SPI1_SCK
PF13.GPIOParameters=GPIO_Label
PF13.GPIO_Label=SPI1_RST
PF13.Locked=true
PF13.Signal=GPIO_Output
PF14.GPIOParameters=GPIO_Label
PF14.GPIO_Label=MEMS_ACC_INT
PF14.Locked=true
PF14.Signal=GPXTI14
PG2.GPIOParameters=GPIO_Speed,GPIO_PuPd,GPIO_Label,GPIO_ModeDefaultOutputPP
PG2.GPIO_Label=LED_RED
PG2.GPIO_ModeDefaultOutputPP=GPIO_MODE_OUTPUT_PP
PG2.GPIO_PuPd=GPIO_PULLUP
PG2.GPIO_Speed=GPIO_SPEED_FREQ_HIGH
PG2.Locked=true
PG2.Signal=GPIO_Output
PWR.IPParameters=pwrPrivilege
PWR.pwrPrivilege=PWR_PRIVILEGE_NO
PinOutPanel.RotationAngle=0
ProjectManager.AskForMigrate=true
ProjectManager.BackupPrevious=false
ProjectManager.CompilerOptimize=6
ProjectManager.ComputerToolchain=false
ProjectManager.CoupleFile=false
ProjectManager.CustomerFirmwarePackage=..\\..\\..\\..\\..
ProjectManager.DefaultFWLocation=false
ProjectManager.DeletePrevious=true
ProjectManager.DeviceId=STM32U575ZITxQ
ProjectManager.FreePins=false
ProjectManager.HalAssertFull=false
ProjectManager.HeapSize=0x6000
ProjectManager.KeepUserCode=true
ProjectManager.LPBAM.generateCode=
ProjectManager.LastFirmware=true
ProjectManager.LibraryCopy=2
ProjectManager.MainLocation=Src
ProjectManager.NoMain=false
ProjectManager.PreviousToolchain=
ProjectManager.ProjectBuild=false
ProjectManager.ProjectFileName=MOTENV1.ioc
ProjectManager.ProjectName=MOTENV1
ProjectManager.ProjectStructure=
ProjectManager.RegisterCallBack=
ProjectManager.StackSize=0x7000
ProjectManager.TargetToolchain=MDK-ARM V5.32
ProjectManager.ToolChainLocation=
ProjectManager.UAScriptAfterPath=
ProjectManager.UAScriptBeforePath=
ProjectManager.UnderRoot=false
ProjectManager.functionlistsort=1-SystemClock_Config-RCC-false-HAL-false,2-MX_GPIO_Init-GPIO-false-HAL-true,3-MX_ADC1_Init-ADC1-false-HAL-true,false-4-MX_TIM1_Init-TIM1-false-HAL-true,5-MX_USB_OTG_FS_PCD_Init-USB_OTG_FS-false-HAL-true,6-MX_ICACHE_Init-ICACHE-false-HAL-true,7-MX_CRC_Init-CRC-false-HAL-true,8-MX_FLASH_Init-FLASH-false-HAL-true,false-9-MX_TIM2_Init-TIM2-false-HAL-true,false-10-MX_TIM5_Init-TIM5-false-HAL-true,11-MX_GTZC_Init-GTZC-false-HAL-true,14-MX_MOTENV1_Init-STMicroelectronics.FP-SNS-MOTENV1.5.0.0-false-HAL-false,15-MX_MOTENV1_Process-STMicroelectronics.FP-SNS-MOTENV1.5.0.0-false-HAL-false,0-MX_CORTEX_M33_NS_Init-CORTEX_M33_NS-false-HAL-true,0-MX_PWR_Init-PWR-false-HAL-true
RCC.ADCFreq_Value=16000000
RCC.ADF1Freq_Value=160000000
RCC.AHBFreq_Value=160000000
RCC.APB1Freq_Value=160000000
RCC.APB1TimFreq_Value=160000000
RCC.APB2Freq_Value=160000000
RCC.APB2TimFreq_Value=160000000
RCC.APB3Freq_Value=160000000
RCC.CK48Freq_Value=48000000
RCC.CRSFreq_Value=48000000
RCC.CortexFreq_Value=160000000
RCC.DACCLockSelectionVirtual=RCC_DAC1CLKSOURCE_LSI
RCC.DACFreq_Value=32000
RCC.EPOD_VALUE=4000000
RCC.FCLKCortexFreq_Value=160000000
RCC.FDCANFreq_Value=160000000
RCC.FamilyName=M
RCC.HCLKFreq_Value=160000000
RCC.HSE_VALUE=16000000
RCC.HSI48_VALUE=48000000
RCC.HSI_VALUE=16000000
RCC.I2C1Freq_Value=160000000
RCC.I2C2Freq_Value=160000000
RCC.I2C3Freq_Value=160000000
RCC.I2C4Freq_Value=160000000
RCC.IPParameters=ADCFreq_Value,ADF1Freq_Value,AHBFreq_Value,APB1Freq_Value,APB1TimFreq_Value,APB2Freq_Value,APB2TimFreq_Value,APB3Freq_Value,CK48Freq_Value,CRSFreq_Value,CortexFreq_Value,DACCLockSelectionVirtual,DACFreq_Value,EPOD_VALUE,FCLKCortexFreq_Value,FDCANFreq_Value,FamilyName,HCLKFreq_Value,HSE_VALUE,HSI48_VALUE,HSI_VALUE,I2C1Freq_Value,I2C2Freq_Value,I2C3Freq_Value,I2C4Freq_Value,LPTIM2Freq_Value,LPUART1Freq_Value,LSCOPinFreq_Value,LSIDIV_VALUE,LSI_VALUE,MCO1PinFreq_Value,MDF1Freq_Value,MSI_VALUE,OCTOSPIMFreq_Value,PLL2PoutputFreq_Value,PLL2QoutputFreq_Value,PLL2RoutputFreq_Value,PLL3PoutputFreq_Value,PLL3QoutputFreq_Value,PLL3RoutputFreq_Value,PLLN,PLLPoutputFreq_Value,PLLQoutputFreq_Value,PLLRCLKFreq_Value,RNGFreq_Value,SAI1Freq_Value,SAI2Freq_Value,SDMMCFreq_Value,SPI1Freq_Value,SPI2Freq_Value,SPI3Freq_Value,SYSCLKFreq_VALUE,SYSCLKSource,UART4Freq_Value,UART5Freq_Value,USART1Freq_Value,USART2Freq_Value,USART3Freq_Value,USBFreq_Value,VCOInput2Freq_Value,VCOInput3Freq_Value,VCOInputFreq_Value,VCOOutputFreq_Value,VCOPLL2OutputFreq_Value,VCOPLL3OutputFreq_Value
RCC.LPTIM2Freq_Value=160000000
RCC.LPUART1Freq_Value=160000000
RCC.LSCOPinFreq_Value=32000
RCC.LSIDIV_VALUE=32000
RCC.LSI_VALUE=32000
RCC.MCO1PinFreq_Value=160000000
RCC.MDF1Freq_Value=160000000
RCC.MSI_VALUE=4000000
RCC.OCTOSPIMFreq_Value=160000000
RCC.PLL2PoutputFreq_Value=258000000
RCC.PLL2QoutputFreq_Value=258000000
RCC.PLL2RoutputFreq_Value=258000000
RCC.PLL3PoutputFreq_Value=258000000
RCC.PLL3QoutputFreq_Value=258000000
RCC.PLL3RoutputFreq_Value=258000000
RCC.PLLN=80
RCC.PLLPoutputFreq_Value=160000000
RCC.PLLQoutputFreq_Value=160000000
RCC.PLLRCLKFreq_Value=160000000
RCC.RNGFreq_Value=48000000
RCC.SAI1Freq_Value=258000000
RCC.SAI2Freq_Value=258000000
RCC.SDMMCFreq_Value=160000000
RCC.SPI1Freq_Value=160000000
RCC.SPI2Freq_Value=160000000
RCC.SPI3Freq_Value=160000000
RCC.SYSCLKFreq_VALUE=160000000
RCC.SYSCLKSource=RCC_SYSCLKSOURCE_PLLCLK
RCC.UART4Freq_Value=160000000
RCC.UART5Freq_Value=160000000
RCC.USART1Freq_Value=160000000
RCC.USART2Freq_Value=160000000
RCC.USART3Freq_Value=160000000
RCC.USBFreq_Value=48000000
RCC.VCOInput2Freq_Value=4000000
RCC.VCOInput3Freq_Value=4000000
RCC.VCOInputFreq_Value=4000000
RCC.VCOOutputFreq_Value=320000000
RCC.VCOPLL2OutputFreq_Value=516000000
RCC.VCOPLL3OutputFreq_Value=516000000
SH.GPXTI0.0=GPIO_EXTI0
SH.GPXTI0.ConfNb=1
SH.GPXTI13.0=GPIO_EXTI13
SH.GPXTI13.ConfNb=1
SH.GPXTI14.0=GPIO_EXTI14
SH.GPXTI14.ConfNb=1
SH.GPXTI3.0=GPIO_EXTI3
SH.GPXTI3.ConfNb=1
SPI1.BaudRatePrescaler=SPI_BAUDRATEPRESCALER_256
SPI1.CLKPhase=SPI_PHASE_2EDGE
SPI1.CalculateBaudRate=625.0 KBits/s
SPI1.DataSize=SPI_DATASIZE_8BIT
SPI1.Direction=SPI_DIRECTION_2LINES
SPI1.IPParameters=VirtualType,Mode,Direction,CalculateBaudRate,DataSize,CLKPhase,BaudRatePrescaler
SPI1.Mode=SPI_MODE_MASTER
SPI1.VirtualType=VM_MASTER
STMicroelectronics.FP-SNS-MOTENV1.5.0.0.BSP.number=7
STMicroelectronics.FP-SNS-MOTENV1.5.0.0.DeviceJjMOTENV1IiApplications_Checked=true
STMicroelectronics.FP-SNS-MOTENV1.5.0.0.IPParameters=MOTENV1IiApplicationsCcDeviceJjApplication
STMicroelectronics.FP-SNS-MOTENV1.5.0.0.MOTENV1IiApplicationsCcDeviceJjApplication=MOTENV1IiIKS4A1IiFOTA
STMicroelectronics.FP-SNS-MOTENV1.5.0.00.BSP.STBoard=false
STMicroelectronics.FP-SNS-MOTENV1.5.0.00.BSP.api=HAL_EXTI_DRIVER
STMicroelectronics.FP-SNS-MOTENV1.5.0.00.BSP.component=
STMicroelectronics.FP-SNS-MOTENV1.5.0.00.BSP.condition=SEMMOTENV1IiApplicationsCcDeviceJjApplicationJjMOTENV1IiIKS4A1 | SEMMOTENV1IiApplicationsCcDeviceJjApplicationJjMOTENV1IiIKS4A1IiOnlyIiHW | SEMMOTENV1IiApplicationsCcDeviceJjApplicationJjMOTENV1IiIKS01A3 | SEMMOTENV1IiApplicationsCcDeviceJjApplicationJjMOTENV1IiIKS01A3IiOnlyIiHW | SEMMOTENV1IiApplicationsCcDeviceJjApplicationJjMOTENV1IiIKS4A1IiFOTA | SEMMOTENV1IiApplicationsCcDeviceJjApplicationJjMOTENV1IiIKS01A3IiFOTA
STMicroelectronics.FP-SNS-MOTENV1.5.0.00.BSP.instance=PF14
STMicroelectronics.FP-SNS-MOTENV1.5.0.00.BSP.ip=GPIO
STMicroelectronics.FP-SNS-MOTENV1.5.0.00.BSP.mode=EXTI
STMicroelectronics.FP-SNS-MOTENV1.5.0.00.BSP.name=ACC_INT_PIN
STMicroelectronics.FP-SNS-MOTENV1.5.0.00.BSP.semaphore=
STMicroelectronics.FP-SNS-MOTENV1.5.0.00.BSP.solution=PF14
STMicroelectronics.FP-SNS-MOTENV1.5.0.01.BSP.STBoard=false
STMicroelectronics.FP-SNS-MOTENV1.5.0.01.BSP.api=Unknown
STMicroelectronics.FP-SNS-MOTENV1.5.0.01.BSP.component=
STMicroelectronics.FP-SNS-MOTENV1.5.0.01.BSP.condition=SEMMOTENV1IiApplicationsCcDeviceJjApplicationJjMOTENV1IiIKS4A1 | SEMMOTENV1IiApplicationsCcDeviceJjApplicationJjMOTENV1IiIKS4A1IiFOTA | SEMMOTENV1IiApplicationsCcDeviceJjApplicationJjMOTENV1IiIKS01A3 | SEMMOTENV1IiApplicationsCcDeviceJjApplicationJjMOTENV1IiIKS01A3IiFOTA
STMicroelectronics.FP-SNS-MOTENV1.5.0.01.BSP.instance=TIM2
STMicroelectronics.FP-SNS-MOTENV1.5.0.01.BSP.ip=TIM.*
STMicroelectronics.FP-SNS-MOTENV1.5.0.01.BSP.mode=Internal Clock
STMicroelectronics.FP-SNS-MOTENV1.5.0.01.BSP.name=TIMER_LED
STMicroelectronics.FP-SNS-MOTENV1.5.0.01.BSP.semaphore=
STMicroelectronics.FP-SNS-MOTENV1.5.0.01.BSP.solution=TIM2
STMicroelectronics.FP-SNS-MOTENV1.5.0.02.BSP.STBoard=false
STMicroelectronics.FP-SNS-MOTENV1.5.0.02.BSP.api=BSP_COMMON_DRIVER
STMicroelectronics.FP-SNS-MOTENV1.5.0.02.BSP.component=
STMicroelectronics.FP-SNS-MOTENV1.5.0.02.BSP.condition=
STMicroelectronics.FP-SNS-MOTENV1.5.0.02.BSP.instance=PC13
STMicroelectronics.FP-SNS-MOTENV1.5.0.02.BSP.ip=GPIO
STMicroelectronics.FP-SNS-MOTENV1.5.0.02.BSP.mode=EXTI
STMicroelectronics.FP-SNS-MOTENV1.5.0.02.BSP.name=BSP BUTTON
STMicroelectronics.FP-SNS-MOTENV1.5.0.02.BSP.semaphore=
STMicroelectronics.FP-SNS-MOTENV1.5.0.02.BSP.solution=PC13
STMicroelectronics.FP-SNS-MOTENV1.5.0.03.BSP.STBoard=false
STMicroelectronics.FP-SNS-MOTENV1.5.0.03.BSP.api=Unknown
STMicroelectronics.FP-SNS-MOTENV1.5.0.03.BSP.component=
STMicroelectronics.FP-SNS-MOTENV1.5.0.03.BSP.condition=SEMMOTENV1IiApplicationsCcDeviceJjApplicationJjMOTENV1IiIKS4A1 | SEMMOTENV1IiApplicationsCcDeviceJjApplicationJjMOTENV1IiIKS4A1IiFOTA | SEMMOTENV1IiApplicationsCcDeviceJjApplicationJjMOTENV1IiIKS01A3 | SEMMOTENV1IiApplicationsCcDeviceJjApplicationJjMOTENV1IiIKS01A3IiFOTA
STMicroelectronics.FP-SNS-MOTENV1.5.0.03.BSP.instance=TIM5
STMicroelectronics.FP-SNS-MOTENV1.5.0.03.BSP.ip=TIM.*
STMicroelectronics.FP-SNS-MOTENV1.5.0.03.BSP.mode=Internal Clock
STMicroelectronics.FP-SNS-MOTENV1.5.0.03.BSP.name=TIMER_ENV
STMicroelectronics.FP-SNS-MOTENV1.5.0.03.BSP.semaphore=
STMicroelectronics.FP-SNS-MOTENV1.5.0.03.BSP.solution=TIM5
STMicroelectronics.FP-SNS-MOTENV1.5.0.04.BSP.STBoard=false
STMicroelectronics.FP-SNS-MOTENV1.5.0.04.BSP.api=BSP_COMMON_DRIVER
STMicroelectronics.FP-SNS-MOTENV1.5.0.04.BSP.component=
STMicroelectronics.FP-SNS-MOTENV1.5.0.04.BSP.condition=
STMicroelectronics.FP-SNS-MOTENV1.5.0.04.BSP.instance=USART1
STMicroelectronics.FP-SNS-MOTENV1.5.0.04.BSP.ip=UART|USART|LPUART
STMicroelectronics.FP-SNS-MOTENV1.5.0.04.BSP.mode=Asynchronous
STMicroelectronics.FP-SNS-MOTENV1.5.0.04.BSP.name=BSP USART
STMicroelectronics.FP-SNS-MOTENV1.5.0.04.BSP.semaphore=
STMicroelectronics.FP-SNS-MOTENV1.5.0.04.BSP.solution=USART1
STMicroelectronics.FP-SNS-MOTENV1.5.0.05.BSP.STBoard=false
STMicroelectronics.FP-SNS-MOTENV1.5.0.05.BSP.api=BSP_COMMON_DRIVER
STMicroelectronics.FP-SNS-MOTENV1.5.0.05.BSP.component=
STMicroelectronics.FP-SNS-MOTENV1.5.0.05.BSP.condition=
STMicroelectronics.FP-SNS-MOTENV1.5.0.05.BSP.instance=PC7
STMicroelectronics.FP-SNS-MOTENV1.5.0.05.BSP.ip=GPIO
STMicroelectronics.FP-SNS-MOTENV1.5.0.05.BSP.mode=Output
STMicroelectronics.FP-SNS-MOTENV1.5.0.05.BSP.name=BSP LED
STMicroelectronics.FP-SNS-MOTENV1.5.0.05.BSP.semaphore=
STMicroelectronics.FP-SNS-MOTENV1.5.0.05.BSP.solution=PC7
STMicroelectronics.FP-SNS-MOTENV1.5.0.06.BSP.STBoard=false
STMicroelectronics.FP-SNS-MOTENV1.5.0.06.BSP.api=Unknown
STMicroelectronics.FP-SNS-MOTENV1.5.0.06.BSP.component=
STMicroelectronics.FP-SNS-MOTENV1.5.0.06.BSP.condition=SEMMOTENV1IiApplicationsCcDeviceJjApplicationJjMOTENV1IiIKS4A1 | SEMMOTENV1IiApplicationsCcDeviceJjApplicationJjMOTENV1IiIKS4A1IiFOTA | SEMMOTENV1IiApplicationsCcDeviceJjApplicationJjMOTENV1IiIKS01A3 | SEMMOTENV1IiApplicationsCcDeviceJjApplicationJjMOTENV1IiIKS01A3IiFOTA
STMicroelectronics.FP-SNS-MOTENV1.5.0.06.BSP.instance=TIM1
STMicroelectronics.FP-SNS-MOTENV1.5.0.06.BSP.ip=TIM.*
STMicroelectronics.FP-SNS-MOTENV1.5.0.06.BSP.mode=Output Compare No Output
STMicroelectronics.FP-SNS-MOTENV1.5.0.06.BSP.name=TIMER_MOTION_ALGO
STMicroelectronics.FP-SNS-MOTENV1.5.0.06.BSP.semaphore=
STMicroelectronics.FP-SNS-MOTENV1.5.0.06.BSP.solution=TIM1
STMicroelectronics.FP-SNS-MOTENV1.5.0.0_SwParameter=MOTENV1IiApplicationsCcDeviceJjApplication\:MOTENV1IiIKS4A1IiFOTA;
STMicroelectronics.X-CUBE-BLE2.3.3.0.BSP.number=4
STMicroelectronics.X-CUBE-BLE2.3.3.0.BlueNRGAa2CcWirelessJjBlueNRGAa2JjController=true
STMicroelectronics.X-CUBE-BLE2.3.3.0.BlueNRGAa2CcWirelessJjBlueNRGAa2JjHCIIiTL=Basic
STMicroelectronics.X-CUBE-BLE2.3.3.0.BlueNRGAa2CcWirelessJjBlueNRGAa2JjHCIIiTLIiINTERFACE=UserBoard
STMicroelectronics.X-CUBE-BLE2.3.3.0.BlueNRGAa2CcWirelessJjBlueNRGAa2JjUtils=true
STMicroelectronics.X-CUBE-BLE2.3.3.0.HCI_MAX_PAYLOAD_SIZE=230
STMicroelectronics.X-CUBE-BLE2.3.3.0.HCI_READ_PACKET_SIZE=230
STMicroelectronics.X-CUBE-BLE2.3.3.0.IPParameters=HCI_READ_PACKET_SIZE,HCI_MAX_PAYLOAD_SIZE,BlueNRGAa2CcWirelessJjBlueNRGAa2JjController,BlueNRGAa2CcWirelessJjBlueNRGAa2JjUtils,BlueNRGAa2CcWirelessJjBlueNRGAa2JjHCIIiTL,BlueNRGAa2CcWirelessJjBlueNRGAa2JjHCIIiTLIiINTERFACE
STMicroelectronics.X-CUBE-BLE2.3.3.0.WirelessJjBlueNRGAa2_Checked=true
STMicroelectronics.X-CUBE-BLE2.3.3.00.BSP.STBoard=false
STMicroelectronics.X-CUBE-BLE2.3.3.00.BSP.api=HAL_EXTI_DRIVER
STMicroelectronics.X-CUBE-BLE2.3.3.00.BSP.component=
STMicroelectronics.X-CUBE-BLE2.3.3.00.BSP.condition=SEMBlueNRGAa2CcWirelessJjBlueNRGAa2JjHCIIiTLIiINTERFACEJjUserBoard
STMicroelectronics.X-CUBE-BLE2.3.3.00.BSP.instance=PA3
STMicroelectronics.X-CUBE-BLE2.3.3.00.BSP.ip=GPIO
STMicroelectronics.X-CUBE-BLE2.3.3.00.BSP.mode=EXTI
STMicroelectronics.X-CUBE-BLE2.3.3.00.BSP.name=Exti Line
STMicroelectronics.X-CUBE-BLE2.3.3.00.BSP.semaphore=
STMicroelectronics.X-CUBE-BLE2.3.3.00.BSP.solution=PA3
STMicroelectronics.X-CUBE-BLE2.3.3.01.BSP.STBoard=false
STMicroelectronics.X-CUBE-BLE2.3.3.01.BSP.api=BSP_BUS_DRIVER
STMicroelectronics.X-CUBE-BLE2.3.3.01.BSP.component=
STMicroelectronics.X-CUBE-BLE2.3.3.01.BSP.condition=SEMBlueNRGAa2CcWirelessJjBlueNRGAa2JjHCIIiTLIiINTERFACEJjUserBoard
STMicroelectronics.X-CUBE-BLE2.3.3.01.BSP.instance=SPI1
STMicroelectronics.X-CUBE-BLE2.3.3.01.BSP.ip=SPI
STMicroelectronics.X-CUBE-BLE2.3.3.01.BSP.mode=Full-Duplex Master
STMicroelectronics.X-CUBE-BLE2.3.3.01.BSP.name=BUS IO driver
STMicroelectronics.X-CUBE-BLE2.3.3.01.BSP.semaphore=
STMicroelectronics.X-CUBE-BLE2.3.3.01.BSP.solution=SPI1
STMicroelectronics.X-CUBE-BLE2.3.3.02.BSP.STBoard=false
STMicroelectronics.X-CUBE-BLE2.3.3.02.BSP.api=Unknown
STMicroelectronics.X-CUBE-BLE2.3.3.02.BSP.component=
STMicroelectronics.X-CUBE-BLE2.3.3.02.BSP.condition=SEMBlueNRGAa2CcWirelessJjBlueNRGAa2JjHCIIiTLIiINTERFACEJjUserBoard
STMicroelectronics.X-CUBE-BLE2.3.3.02.BSP.instance=PA2
STMicroelectronics.X-CUBE-BLE2.3.3.02.BSP.ip=GPIO
STMicroelectronics.X-CUBE-BLE2.3.3.02.BSP.mode=Output
STMicroelectronics.X-CUBE-BLE2.3.3.02.BSP.name=CS Line
STMicroelectronics.X-CUBE-BLE2.3.3.02.BSP.semaphore=
STMicroelectronics.X-CUBE-BLE2.3.3.02.BSP.solution=PA2
STMicroelectronics.X-CUBE-BLE2.3.3.03.BSP.STBoard=false
STMicroelectronics.X-CUBE-BLE2.3.3.03.BSP.api=Unknown
STMicroelectronics.X-CUBE-BLE2.3.3.03.BSP.component=
STMicroelectronics.X-CUBE-BLE2.3.3.03.BSP.condition=SEMBlueNRGAa2CcWirelessJjBlueNRGAa2JjHCIIiTLIiINTERFACEJjUserBoard
STMicroelectronics.X-CUBE-BLE2.3.3.03.BSP.instance=PF13
STMicroelectronics.X-CUBE-BLE2.3.3.03.BSP.ip=GPIO
STMicroelectronics.X-CUBE-BLE2.3.3.03.BSP.mode=Output
STMicroelectronics.X-CUBE-BLE2.3.3.03.BSP.name=Reset Line
STMicroelectronics.X-CUBE-BLE2.3.3.03.BSP.semaphore=
STMicroelectronics.X-CUBE-BLE2.3.3.03.BSP.solution=PF13
STMicroelectronics.X-CUBE-BLE2.3.3.0_SwParameter=BlueNRGAa2CcWirelessJjBlueNRGAa2JjHCIIiTLIiINTERFACE\:UserBoard;BlueNRGAa2CcWirelessJjBlueNRGAa2JjUtils\:true;BlueNRGAa2CcWirelessJjBlueNRGAa2JjController\:true;BlueNRGAa2CcWirelessJjBlueNRGAa2JjHCIIiTL\:Basic;
STMicroelectronics.X-CUBE-BLEMGR.3.0.0.BANKS_SWAP=1
STMicroelectronics.X-CUBE-BLEMGR.3.0.0.BLEIiFeaturesJjSTM32IiBLEIiManager_Checked=true
STMicroelectronics.X-CUBE-BLEMGR.3.0.0.BLEIiManagerJjSTM32IiBLEIiManager_Checked=true
STMicroelectronics.X-CUBE-BLEMGR.3.0.0.BLEOoCoreCcBluetoothJjCore=BLEIi2
STMicroelectronics.X-CUBE-BLEMGR.3.0.0.BluetoothJjBLEOoCore_Checked=true
STMicroelectronics.X-CUBE-BLEMGR.3.0.0.DataOoExchangeJjparson_Checked=true
STMicroelectronics.X-CUBE-BLEMGR.3.0.0.ENABLE_ENV_TEMPERATURE_DATA=2
STMicroelectronics.X-CUBE-BLEMGR.3.0.0.ENABLE_EXT_CONFIG=1
STMicroelectronics.X-CUBE-BLEMGR.3.0.0.HELP=1
STMicroelectronics.X-CUBE-BLEMGR.3.0.0.INFO=1
STMicroelectronics.X-CUBE-BLEMGR.3.0.0.IPParameters=ENABLE_ENV_TEMPERATURE_DATA,NUMBER_OF_QUATERNION,USED_PLATFORM,ENABLE_EXT_CONFIG,UID_COMMAND,SET_NAME,INFO,HELP,VERSION_FW,READ_BANKS_FW_ID,BANKS_SWAP,STM32IiBLEIiManagerCcBLEIiManagerJjBLEIiManager,STM32IiBLEIiManagerCcBLEIiFeaturesJjHardwareSensorsJjAccEvent,STM32IiBLEIiManagerCcBLEIiFeaturesJjHardwareSensorsJjEnvironmental,STM32IiBLEIiManagerCcBLEIiFeaturesJjHardwareSensorsJjInertial,STM32IiBLEIiManagerCcBLEIiFeaturesJjHardwareSensorsJjLed,STM32IiBLEIiManagerCcBLEIiFeaturesJjSoftwareLibrariesJjActivityRecognition,STM32IiBLEIiManagerCcBLEIiFeaturesJjSoftwareLibrariesJjCarryPosition,STM32IiBLEIiManagerCcBLEIiFeaturesJjSoftwareLibrariesJjECompass,STM32IiBLEIiManagerCcBLEIiFeaturesJjSoftwareLibrariesJjGestureRecognition,STM32IiBLEIiManagerCcBLEIiFeaturesJjSoftwareLibrariesJjMotionIntensity,STM32IiBLEIiManagerCcBLEIiFeaturesJjSoftwareLibrariesJjPedometerAlgorithm,STM32IiBLEIiManagerCcBLEIiFeaturesJjSoftwareLibrariesJjSensorFusion,parsonCcDataOoExchangeJjparson,BLEOoCoreCcBluetoothJjCore
STMicroelectronics.X-CUBE-BLEMGR.3.0.0.NUMBER_OF_QUATERNION=3
STMicroelectronics.X-CUBE-BLEMGR.3.0.0.READ_BANKS_FW_ID=1
STMicroelectronics.X-CUBE-BLEMGR.3.0.0.SET_NAME=1
STMicroelectronics.X-CUBE-BLEMGR.3.0.0.STM32IiBLEIiManagerCcBLEIiFeaturesJjHardwareSensorsJjAccEvent=true
STMicroelectronics.X-CUBE-BLEMGR.3.0.0.STM32IiBLEIiManagerCcBLEIiFeaturesJjHardwareSensorsJjEnvironmental=true
STMicroelectronics.X-CUBE-BLEMGR.3.0.0.STM32IiBLEIiManagerCcBLEIiFeaturesJjHardwareSensorsJjInertial=true
STMicroelectronics.X-CUBE-BLEMGR.3.0.0.STM32IiBLEIiManagerCcBLEIiFeaturesJjHardwareSensorsJjLed=true
STMicroelectronics.X-CUBE-BLEMGR.3.0.0.STM32IiBLEIiManagerCcBLEIiFeaturesJjSoftwareLibrariesJjActivityRecognition=true
STMicroelectronics.X-CUBE-BLEMGR.3.0.0.STM32IiBLEIiManagerCcBLEIiFeaturesJjSoftwareLibrariesJjCarryPosition=true
STMicroelectronics.X-CUBE-BLEMGR.3.0.0.STM32IiBLEIiManagerCcBLEIiFeaturesJjSoftwareLibrariesJjECompass=true
STMicroelectronics.X-CUBE-BLEMGR.3.0.0.STM32IiBLEIiManagerCcBLEIiFeaturesJjSoftwareLibrariesJjGestureRecognition=true
STMicroelectronics.X-CUBE-BLEMGR.3.0.0.STM32IiBLEIiManagerCcBLEIiFeaturesJjSoftwareLibrariesJjMotionIntensity=true
STMicroelectronics.X-CUBE-BLEMGR.3.0.0.STM32IiBLEIiManagerCcBLEIiFeaturesJjSoftwareLibrariesJjPedometerAlgorithm=true
STMicroelectronics.X-CUBE-BLEMGR.3.0.0.STM32IiBLEIiManagerCcBLEIiFeaturesJjSoftwareLibrariesJjSensorFusion=true
STMicroelectronics.X-CUBE-BLEMGR.3.0.0.STM32IiBLEIiManagerCcBLEIiManagerJjBLEIiManager=true
STMicroelectronics.X-CUBE-BLEMGR.3.0.0.UID_COMMAND=1
STMicroelectronics.X-CUBE-BLEMGR.3.0.0.USED_PLATFORM=0x80U
STMicroelectronics.X-CUBE-BLEMGR.3.0.0.VERSION_FW=1
STMicroelectronics.X-CUBE-BLEMGR.3.0.0.parsonCcDataOoExchangeJjparson=true
STMicroelectronics.X-CUBE-BLEMGR.3.0.0_SwParameter=parsonCcDataOoExchangeJjparson\:true;STM32IiBLEIiManagerCcBLEIiFeaturesJjSoftwareLibrariesJjActivityRecognition\:true;STM32IiBLEIiManagerCcBLEIiFeaturesJjSoftwareLibrariesJjSensorFusion\:true;STM32IiBLEIiManagerCcBLEIiFeaturesJjSoftwareLibrariesJjECompass\:true;STM32IiBLEIiManagerCcBLEIiFeaturesJjHardwareSensorsJjLed\:true;STM32IiBLEIiManagerCcBLEIiFeaturesJjHardwareSensorsJjAccEvent\:true;BLEOoCoreCcBluetoothJjCore\:BLEIi2;STM32IiBLEIiManagerCcBLEIiFeaturesJjHardwareSensorsJjEnvironmental\:true;STM32IiBLEIiManagerCcBLEIiFeaturesJjSoftwareLibrariesJjMotionIntensity\:true;STM32IiBLEIiManagerCcBLEIiFeaturesJjSoftwareLibrariesJjCarryPosition\:true;STM32IiBLEIiManagerCcBLEIiManagerJjBLEIiManager\:true;STM32IiBLEIiManagerCcBLEIiFeaturesJjHardwareSensorsJjInertial\:true;STM32IiBLEIiManagerCcBLEIiFeaturesJjSoftwareLibrariesJjGestureRecognition\:true;STM32IiBLEIiManagerCcBLEIiFeaturesJjSoftwareLibrariesJjPedometerAlgorithm\:true;
STMicroelectronics.X-CUBE-MEMS1.10.0.0.BSP.number=1
STMicroelectronics.X-CUBE-MEMS1.10.0.0.BoardOoExtensionJjIKS01A2=true
STMicroelectronics.X-CUBE-MEMS1.10.0.0.BoardOoExtensionJjIKS4A1=true
STMicroelectronics.X-CUBE-MEMS1.10.0.0.BoardOoExtensionJjIKS4A1_Checked=true
STMicroelectronics.X-CUBE-MEMS1.10.0.0.IPParameters=BoardOoExtensionJjIKS01A2,SensorsJjSTM32IiMotionIDIiLibraryJjCore,SensorsJjSTM32IiMotionFXIiLibraryJjCore,SensorsJjSTM32IiMotionCPIiLibraryJjCore,SensorsJjSTM32IiMotionGRIiLibraryJjCore,SensorsJjSTM32IiMotionARIiLibraryJjCore,SensorsJjSTM32IiMotionPMIiLibraryJjCore,BoardOoExtensionJjIKS4A1
STMicroelectronics.X-CUBE-MEMS1.10.0.0.SensorsJjSTM32IiMotionARIiLibraryJjCore=true
STMicroelectronics.X-CUBE-MEMS1.10.0.0.SensorsJjSTM32IiMotionARIiLibrary_Checked=true
STMicroelectronics.X-CUBE-MEMS1.10.0.0.SensorsJjSTM32IiMotionCPIiLibraryJjCore=true
STMicroelectronics.X-CUBE-MEMS1.10.0.0.SensorsJjSTM32IiMotionCPIiLibrary_Checked=true
STMicroelectronics.X-CUBE-MEMS1.10.0.0.SensorsJjSTM32IiMotionFXIiLibraryJjCore=true
STMicroelectronics.X-CUBE-MEMS1.10.0.0.SensorsJjSTM32IiMotionFXIiLibrary_Checked=true
STMicroelectronics.X-CUBE-MEMS1.10.0.0.SensorsJjSTM32IiMotionGRIiLibraryJjCore=true
STMicroelectronics.X-CUBE-MEMS1.10.0.0.SensorsJjSTM32IiMotionGRIiLibrary_Checked=true
STMicroelectronics.X-CUBE-MEMS1.10.0.0.SensorsJjSTM32IiMotionIDIiLibraryJjCore=true
STMicroelectronics.X-CUBE-MEMS1.10.0.0.SensorsJjSTM32IiMotionIDIiLibrary_Checked=true
STMicroelectronics.X-CUBE-MEMS1.10.0.0.SensorsJjSTM32IiMotionPMIiLibraryJjCore=true
STMicroelectronics.X-CUBE-MEMS1.10.0.0.SensorsJjSTM32IiMotionPMIiLibrary_Checked=true
STMicroelectronics.X-CUBE-MEMS1.10.0.00.BSP.STBoard=false
STMicroelectronics.X-CUBE-MEMS1.10.0.00.BSP.api=BSP_BUS_DRIVER
STMicroelectronics.X-CUBE-MEMS1.10.0.00.BSP.component=
STMicroelectronics.X-CUBE-MEMS1.10.0.00.BSP.condition=SEMBoardOoExtensionJjIKS4A1
STMicroelectronics.X-CUBE-MEMS1.10.0.00.BSP.instance=I2C1
STMicroelectronics.X-CUBE-MEMS1.10.0.00.BSP.ip=I2C
STMicroelectronics.X-CUBE-MEMS1.10.0.00.BSP.mode=I2C
STMicroelectronics.X-CUBE-MEMS1.10.0.00.BSP.name=IKS4A1 BUS IO driver
STMicroelectronics.X-CUBE-MEMS1.10.0.00.BSP.semaphore=
STMicroelectronics.X-CUBE-MEMS1.10.0.00.BSP.solution=I2C1
STMicroelectronics.X-CUBE-MEMS1.10.0.0_SwParameter=BoardOoExtensionJjIKS4A1\:true;SensorsJjSTM32IiMotionIDIiLibraryJjCore\:true;SensorsJjSTM32IiMotionFXIiLibraryJjCore\:true;SensorsJjSTM32IiMotionCPIiLibraryJjCore\:true;SensorsJjSTM32IiMotionPMIiLibraryJjCore\:true;SensorsJjSTM32IiMotionGRIiLibraryJjCore\:true;SensorsJjSTM32IiMotionARIiLibraryJjCore\:true;
TIM1.Channel-Output\ Compare1\ No\ Output=TIM_CHANNEL_1
TIM1.Channel-Output\ Compare2\ No\ Output=TIM_CHANNEL_2
TIM1.Channel-Output\ Compare3\ No\ Output=TIM_CHANNEL_3
TIM1.Channel-Output\ Compare4\ No\ Output=TIM_CHANNEL_4
TIM1.IPParameters=Channel-Output Compare1 No Output,Channel-Output Compare2 No Output,Channel-Output Compare3 No Output,Channel-Output Compare4 No Output
USART1.IPParameters=VirtualMode-Asynchronous
USART1.VirtualMode-Asynchronous=VM_ASYNC
USB_OTG_FS.IPParameters=VirtualMode
USB_OTG_FS.VirtualMode=Device_Only
VP_CRC_VS_CRC.Mode=CRC_Activate
VP_CRC_VS_CRC.Signal=CRC_VS_CRC
VP_FLASH_SIG_Activate_FlashIP.Mode=Activate_FlashIP
VP_FLASH_SIG_Activate_FlashIP.Signal=FLASH_SIG_Activate_FlashIP
VP_GTZC_VS_GTZC_Enable.Mode=GTZC_Enable
VP_GTZC_VS_GTZC_Enable.Signal=GTZC_VS_GTZC_Enable
VP_ICACHE_VS_ICACHE.Mode=DirectMappedCache
VP_ICACHE_VS_ICACHE.Signal=ICACHE_VS_ICACHE
VP_LPBAMQUEUE_VS_QUEUE.Mode=QUEUEMODE
VP_LPBAMQUEUE_VS_QUEUE.Signal=LPBAMQUEUE_VS_QUEUE
VP_LPBAM_VS_SIG1.Mode=SmartRun
VP_LPBAM_VS_SIG1.Signal=LPBAM_VS_SIG1
VP_LPBAM_VS_SIG4.Mode=LPDMA1
VP_LPBAM_VS_SIG4.Signal=LPBAM_VS_SIG4
VP_MEMORYMAP_VS_MEMORYMAP.Mode=CurAppReg
VP_MEMORYMAP_VS_MEMORYMAP.Signal=MEMORYMAP_VS_MEMORYMAP
VP_PWR_VS_DBSignals.Mode=DisableDeadBatterySignals
VP_PWR_VS_DBSignals.Signal=PWR_VS_DBSignals
VP_PWR_VS_LPOM.Mode=PowerOptimisation
VP_PWR_VS_LPOM.Signal=PWR_VS_LPOM
VP_PWR_VS_SECSignals.Mode=Security/Privilege
VP_PWR_VS_SECSignals.Signal=PWR_VS_SECSignals
VP_PWR_Vdda.Mode=isolationVdda
VP_PWR_Vdda.Signal=PWR_Vdda
VP_STMicroelectronics.FP-SNS-MOTENV1_VS_DeviceJjMOTENV1IiApplications_5.0.0_5.0.0.Mode=DeviceJjMOTENV1IiApplications
VP_STMicroelectronics.FP-SNS-MOTENV1_VS_DeviceJjMOTENV1IiApplications_5.0.0_5.0.0.Signal=STMicroelectronics.FP-SNS-MOTENV1_VS_DeviceJjMOTENV1IiApplications_5.0.0_5.0.0
VP_STMicroelectronics.X-CUBE-BLE2_VS_WirelessJjBlueNRGAa2_3.3.0.Mode=WirelessJjBlueNRGAa2
VP_STMicroelectronics.X-CUBE-BLE2_VS_WirelessJjBlueNRGAa2_3.3.0.Signal=STMicroelectronics.X-CUBE-BLE2_VS_WirelessJjBlueNRGAa2_3.3.0
VP_STMicroelectronics.X-CUBE-BLEMGR_VS_BLEIiFeaturesJjSTM32IiBLEIiManager_1.9.1_3.0.0.Mode=BLEIiFeaturesJjSTM32IiBLEIiManager
VP_STMicroelectronics.X-CUBE-BLEMGR_VS_BLEIiFeaturesJjSTM32IiBLEIiManager_1.9.1_3.0.0.Signal=STMicroelectronics.X-CUBE-BLEMGR_VS_BLEIiFeaturesJjSTM32IiBLEIiManager_1.9.1_3.0.0
VP_STMicroelectronics.X-CUBE-BLEMGR_VS_BLEIiManagerJjSTM32IiBLEIiManager_1.9.0_3.0.0.Mode=BLEIiManagerJjSTM32IiBLEIiManager
VP_STMicroelectronics.X-CUBE-BLEMGR_VS_BLEIiManagerJjSTM32IiBLEIiManager_1.9.0_3.0.0.Signal=STMicroelectronics.X-CUBE-BLEMGR_VS_BLEIiManagerJjSTM32IiBLEIiManager_1.9.0_3.0.0
VP_STMicroelectronics.X-CUBE-BLEMGR_VS_BluetoothJjBLEOoCore_3.0.0_3.0.0.Mode=BluetoothJjBLEOoCore
VP_STMicroelectronics.X-CUBE-BLEMGR_VS_BluetoothJjBLEOoCore_3.0.0_3.0.0.Signal=STMicroelectronics.X-CUBE-BLEMGR_VS_BluetoothJjBLEOoCore_3.0.0_3.0.0
VP_STMicroelectronics.X-CUBE-BLEMGR_VS_DataOoExchangeJjparson_1.5.2_3.0.0.Mode=DataOoExchangeJjparson
VP_STMicroelectronics.X-CUBE-BLEMGR_VS_DataOoExchangeJjparson_1.5.2_3.0.0.Signal=STMicroelectronics.X-CUBE-BLEMGR_VS_DataOoExchangeJjparson_1.5.2_3.0.0
VP_STMicroelectronics.X-CUBE-MEMS1_VS_BoardOoExtensionJjIKS4A1_1.0.0_10.0.0.Mode=BoardOoExtensionJjIKS4A1
VP_STMicroelectronics.X-CUBE-MEMS1_VS_BoardOoExtensionJjIKS4A1_1.0.0_10.0.0.Signal=STMicroelectronics.X-CUBE-MEMS1_VS_BoardOoExtensionJjIKS4A1_1.0.0_10.0.0
VP_STMicroelectronics.X-CUBE-MEMS1_VS_SensorsJjSTM32IiMotionARIiLibrary_3.2.1_10.0.0.Mode=SensorsJjSTM32IiMotionARIiLibrary
VP_STMicroelectronics.X-CUBE-MEMS1_VS_SensorsJjSTM32IiMotionARIiLibrary_3.2.1_10.0.0.Signal=STMicroelectronics.X-CUBE-MEMS1_VS_SensorsJjSTM32IiMotionARIiLibrary_3.2.1_10.0.0
VP_STMicroelectronics.X-CUBE-MEMS1_VS_SensorsJjSTM32IiMotionCPIiLibrary_2.2.1_10.0.0.Mode=SensorsJjSTM32IiMotionCPIiLibrary
VP_STMicroelectronics.X-CUBE-MEMS1_VS_SensorsJjSTM32IiMotionCPIiLibrary_2.2.1_10.0.0.Signal=STMicroelectronics.X-CUBE-MEMS1_VS_SensorsJjSTM32IiMotionCPIiLibrary_2.2.1_10.0.0
VP_STMicroelectronics.X-CUBE-MEMS1_VS_SensorsJjSTM32IiMotionFXIiLibrary_2.8.0_10.0.0.Mode=SensorsJjSTM32IiMotionFXIiLibrary
VP_STMicroelectronics.X-CUBE-MEMS1_VS_SensorsJjSTM32IiMotionFXIiLibrary_2.8.0_10.0.0.Signal=STMicroelectronics.X-CUBE-MEMS1_VS_SensorsJjSTM32IiMotionFXIiLibrary_2.8.0_10.0.0
VP_STMicroelectronics.X-CUBE-MEMS1_VS_SensorsJjSTM32IiMotionGRIiLibrary_2.2.1_10.0.0.Mode=SensorsJjSTM32IiMotionGRIiLibrary
VP_STMicroelectronics.X-CUBE-MEMS1_VS_SensorsJjSTM32IiMotionGRIiLibrary_2.2.1_10.0.0.Signal=STMicroelectronics.X-CUBE-MEMS1_VS_SensorsJjSTM32IiMotionGRIiLibrary_2.2.1_10.0.0
VP_STMicroelectronics.X-CUBE-MEMS1_VS_SensorsJjSTM32IiMotionIDIiLibrary_2.4.1_10.0.0.Mode=SensorsJjSTM32IiMotionIDIiLibrary
VP_STMicroelectronics.X-CUBE-MEMS1_VS_SensorsJjSTM32IiMotionIDIiLibrary_2.4.1_10.0.0.Signal=STMicroelectronics.X-CUBE-MEMS1_VS_SensorsJjSTM32IiMotionIDIiLibrary_2.4.1_10.0.0
VP_STMicroelectronics.X-CUBE-MEMS1_VS_SensorsJjSTM32IiMotionPMIiLibrary_2.4.1_10.0.0.Mode=SensorsJjSTM32IiMotionPMIiLibrary
VP_STMicroelectronics.X-CUBE-MEMS1_VS_SensorsJjSTM32IiMotionPMIiLibrary_2.4.1_10.0.0.Signal=STMicroelectronics.X-CUBE-MEMS1_VS_SensorsJjSTM32IiMotionPMIiLibrary_2.4.1_10.0.0
VP_SYS_VS_Systick.Mode=SysTick
VP_SYS_VS_Systick.Signal=SYS_VS_Systick
VP_TIM1_VS_no_output1.Mode=Output Compare1 No Output
VP_TIM1_VS_no_output1.Signal=TIM1_VS_no_output1
VP_TIM1_VS_no_output2.Mode=Output Compare2 No Output
VP_TIM1_VS_no_output2.Signal=TIM1_VS_no_output2
VP_TIM1_VS_no_output3.Mode=Output Compare3 No Output
VP_TIM1_VS_no_output3.Signal=TIM1_VS_no_output3
VP_TIM1_VS_no_output4.Mode=Output Compare4 No Output
VP_TIM1_VS_no_output4.Signal=TIM1_VS_no_output4
VP_TIM2_VS_ClockSourceINT.Mode=Internal
VP_TIM2_VS_ClockSourceINT.Signal=TIM2_VS_ClockSourceINT
VP_TIM5_VS_ClockSourceINT.Mode=Internal
VP_TIM5_VS_ClockSourceINT.Signal=TIM5_VS_ClockSourceINT
board=NUCLEO-U575ZI-Q
boardIOC=true
